// !$*UTF8*$!
{
	archiveVersion = 1;
	classes = {
	};
	objectVersion = 50;
	objects = {

/* Begin PBXBuildFile section */
		17F819441DAB2760FBCD7168 /* Pods_Call_Multiple_APIs.framework in Frameworks */ = {isa = PBXBuildFile; fileRef = 07E8634168761B4C782BE19F /* Pods_Call_Multiple_APIs.framework */; };
		C125E6E626F20D8200512355 /* AppDelegate.swift in Sources */ = {isa = PBXBuildFile; fileRef = C125E6E526F20D8200512355 /* AppDelegate.swift */; };
		C125E6E826F20D8200512355 /* SceneDelegate.swift in Sources */ = {isa = PBXBuildFile; fileRef = C125E6E726F20D8200512355 /* SceneDelegate.swift */; };
		C125E6EA26F20D8200512355 /* ViewController.swift in Sources */ = {isa = PBXBuildFile; fileRef = C125E6E926F20D8200512355 /* ViewController.swift */; };
		C125E6ED26F20D8200512355 /* Main.storyboard in Resources */ = {isa = PBXBuildFile; fileRef = C125E6EB26F20D8200512355 /* Main.storyboard */; };
		C125E6EF26F20D8500512355 /* Assets.xcassets in Resources */ = {isa = PBXBuildFile; fileRef = C125E6EE26F20D8500512355 /* Assets.xcassets */; };
		C125E6F226F20D8500512355 /* LaunchScreen.storyboard in Resources */ = {isa = PBXBuildFile; fileRef = C125E6F026F20D8500512355 /* LaunchScreen.storyboard */; };
/* End PBXBuildFile section */

/* Begin PBXFileReference section */
		07E8634168761B4C782BE19F /* Pods_Call_Multiple_APIs.framework */ = {isa = PBXFileReference; explicitFileType = wrapper.framework; includeInIndex = 0; path = Pods_Call_Multiple_APIs.framework; sourceTree = BUILT_PRODUCTS_DIR; };
		A9E26E613682026985F75E56 /* Pods-Call-Multiple-APIs.debug.xcconfig */ = {isa = PBXFileReference; includeInIndex = 1; lastKnownFileType = text.xcconfig; name = "Pods-Call-Multiple-APIs.debug.xcconfig"; path = "Target Support Files/Pods-Call-Multiple-APIs/Pods-Call-Multiple-APIs.debug.xcconfig"; sourceTree = "<group>"; };
		BA33BCE299DDED69EAE5570D /* Pods-Call-Multiple-APIs.release.xcconfig */ = {isa = PBXFileReference; includeInIndex = 1; lastKnownFileType = text.xcconfig; name = "Pods-Call-Multiple-APIs.release.xcconfig"; path = "Target Support Files/Pods-Call-Multiple-APIs/Pods-Call-Multiple-APIs.release.xcconfig"; sourceTree = "<group>"; };
		C125E6E226F20D8200512355 /* Call-Multiple-APIs.app */ = {isa = PBXFileReference; explicitFileType = wrapper.application; includeInIndex = 0; path = "Call-Multiple-APIs.app"; sourceTree = BUILT_PRODUCTS_DIR; };
		C125E6E526F20D8200512355 /* AppDelegate.swift */ = {isa = PBXFileReference; lastKnownFileType = sourcecode.swift; path = AppDelegate.swift; sourceTree = "<group>"; };
		C125E6E726F20D8200512355 /* SceneDelegate.swift */ = {isa = PBXFileReference; lastKnownFileType = sourcecode.swift; path = SceneDelegate.swift; sourceTree = "<group>"; };
		C125E6E926F20D8200512355 /* ViewController.swift */ = {isa = PBXFileReference; lastKnownFileType = sourcecode.swift; path = ViewController.swift; sourceTree = "<group>"; };
		C125E6EC26F20D8200512355 /* Base */ = {isa = PBXFileReference; lastKnownFileType = file.storyboard; name = Base; path = Base.lproj/Main.storyboard; sourceTree = "<group>"; };
		C125E6EE26F20D8500512355 /* Assets.xcassets */ = {isa = PBXFileReference; lastKnownFileType = folder.assetcatalog; path = Assets.xcassets; sourceTree = "<group>"; };
		C125E6F126F20D8500512355 /* Base */ = {isa = PBXFileReference; lastKnownFileType = file.storyboard; name = Base; path = Base.lproj/LaunchScreen.storyboard; sourceTree = "<group>"; };
		C125E6F326F20D8500512355 /* Info.plist */ = {isa = PBXFileReference; lastKnownFileType = text.plist.xml; path = Info.plist; sourceTree = "<group>"; };
/* End PBXFileReference section */

/* Begin PBXFrameworksBuildPhase section */
		C125E6DF26F20D8200512355 /* Frameworks */ = {
			isa = PBXFrameworksBuildPhase;
			buildActionMask = 2147483647;
			files = (
				17F819441DAB2760FBCD7168 /* Pods_Call_Multiple_APIs.framework in Frameworks */,
			);
			runOnlyForDeploymentPostprocessing = 0;
		};
/* End PBXFrameworksBuildPhase section */

/* Begin PBXGroup section */
		8690712DB44172B715FD5628 /* Frameworks */ = {
			isa = PBXGroup;
			children = (
				07E8634168761B4C782BE19F /* Pods_Call_Multiple_APIs.framework */,
			);
			name = Frameworks;
			sourceTree = "<group>";
		};
		C125E6D926F20D8200512355 = {
			isa = PBXGroup;
			children = (
				C125E6E426F20D8200512355 /* Call-Multiple-APIs */,
				C125E6E326F20D8200512355 /* Products */,
				F062BAFA4DA8180211E0B09F /* Pods */,
				8690712DB44172B715FD5628 /* Frameworks */,
			);
			sourceTree = "<group>";
		};
		C125E6E326F20D8200512355 /* Products */ = {
			isa = PBXGroup;
			children = (
				C125E6E226F20D8200512355 /* Call-Multiple-APIs.app */,
			);
			name = Products;
			sourceTree = "<group>";
		};
		C125E6E426F20D8200512355 /* Call-Multiple-APIs */ = {
			isa = PBXGroup;
			children = (
				C125E6E526F20D8200512355 /* AppDelegate.swift */,
				C125E6E726F20D8200512355 /* SceneDelegate.swift */,
				C125E6E926F20D8200512355 /* ViewController.swift */,
				C125E6EB26F20D8200512355 /* Main.storyboard */,
				C125E6EE26F20D8500512355 /* Assets.xcassets */,
				C125E6F026F20D8500512355 /* LaunchScreen.storyboard */,
				C125E6F326F20D8500512355 /* Info.plist */,
			);
			path = "Call-Multiple-APIs";
			sourceTree = "<group>";
		};
		F062BAFA4DA8180211E0B09F /* Pods */ = {
			isa = PBXGroup;
			children = (
				A9E26E613682026985F75E56 /* Pods-Call-Multiple-APIs.debug.xcconfig */,
				BA33BCE299DDED69EAE5570D /* Pods-Call-Multiple-APIs.release.xcconfig */,
			);
			name = Pods;
			path = Pods;
			sourceTree = "<group>";
		};
/* End PBXGroup section */

/* Begin PBXNativeTarget section */
		C125E6E126F20D8200512355 /* Call-Multiple-APIs */ = {
			isa = PBXNativeTarget;
			buildConfigurationList = C125E6F626F20D8500512355 /* Build configuration list for PBXNativeTarget "Call-Multiple-APIs" */;
			buildPhases = (
				966C519A28C2AAC300552CCC /* [CP] Check Pods Manifest.lock */,
				C125E6DE26F20D8200512355 /* Sources */,
				C125E6DF26F20D8200512355 /* Frameworks */,
				C125E6E026F20D8200512355 /* Resources */,
				73487147E2E84FBB642EF29F /* [CP] Embed Pods Frameworks */,
			);
			buildRules = (
			);
			dependencies = (
			);
			name = "Call-Multiple-APIs";
			productName = "Call-Multiple-APIs";
			productReference = C125E6E226F20D8200512355 /* Call-Multiple-APIs.app */;
			productType = "com.apple.product-type.application";
		};
/* End PBXNativeTarget section */

/* Begin PBXProject section */
		C125E6DA26F20D8200512355 /* Project object */ = {
			isa = PBXProject;
			attributes = {
				LastSwiftUpdateCheck = 1240;
				LastUpgradeCheck = 1240;
				TargetAttributes = {
					C125E6E126F20D8200512355 = {
						CreatedOnToolsVersion = 12.4;
					};
				};
			};
			buildConfigurationList = C125E6DD26F20D8200512355 /* Build configuration list for PBXProject "Call-Multiple-APIs" */;
			compatibilityVersion = "Xcode 9.3";
			developmentRegion = en;
			hasScannedForEncodings = 0;
			knownRegions = (
				en,
				Base,
			);
			mainGroup = C125E6D926F20D8200512355;
			productRefGroup = C125E6E326F20D8200512355 /* Products */;
			projectDirPath = "";
			projectRoot = "";
			targets = (
				C125E6E126F20D8200512355 /* Call-Multiple-APIs */,
			);
		};
/* End PBXProject section */

/* Begin PBXResourcesBuildPhase section */
		C125E6E026F20D8200512355 /* Resources */ = {
			isa = PBXResourcesBuildPhase;
			buildActionMask = 2147483647;
			files = (
				C125E6F226F20D8500512355 /* LaunchScreen.storyboard in Resources */,
				C125E6EF26F20D8500512355 /* Assets.xcassets in Resources */,
				C125E6ED26F20D8200512355 /* Main.storyboard in Resources */,
			);
			runOnlyForDeploymentPostprocessing = 0;
		};
/* End PBXResourcesBuildPhase section */

/* Begin PBXShellScriptBuildPhase section */
		73487147E2E84FBB642EF29F /* [CP] Embed Pods Frameworks */ = {
			isa = PBXShellScriptBuildPhase;
			buildActionMask = 2147483647;
			files = (
			);
			inputFileListPaths = (
				"${PODS_ROOT}/Target Support Files/Pods-Call-Multiple-APIs/Pods-Call-Multiple-APIs-frameworks-${CONFIGURATION}-input-files.xcfilelist",
			);
			name = "[CP] Embed Pods Frameworks";
			outputFileListPaths = (
				"${PODS_ROOT}/Target Support Files/Pods-Call-Multiple-APIs/Pods-Call-Multiple-APIs-frameworks-${CONFIGURATION}-output-files.xcfilelist",
			);
			runOnlyForDeploymentPostprocessing = 0;
			shellPath = /bin/sh;
			shellScript = "\"${PODS_ROOT}/Target Support Files/Pods-Call-Multiple-APIs/Pods-Call-Multiple-APIs-frameworks.sh\"\n";
			showEnvVarsInLog = 0;
		};
		966C519A28C2AAC300552CCC /* [CP] Check Pods Manifest.lock */ = {
			isa = PBXShellScriptBuildPhase;
			buildActionMask = 2147483647;
			files = (
			);
			inputFileListPaths = (
			);
			inputPaths = (
				"${PODS_PODFILE_DIR_PATH}/Podfile.lock",
				"${PODS_ROOT}/Manifest.lock",
			);
			name = "[CP] Check Pods Manifest.lock";
			outputFileListPaths = (
			);
			outputPaths = (
				"$(DERIVED_FILE_DIR)/Pods-Call-Multiple-APIs-checkManifestLockResult.txt",
			);
			runOnlyForDeploymentPostprocessing = 0;
			shellPath = /bin/sh;
			shellScript = "diff \"${PODS_PODFILE_DIR_PATH}/Podfile.lock\" \"${PODS_ROOT}/Manifest.lock\" > /dev/null\nif [ $? != 0 ] ; then\n    # print error to STDERR\n    echo \"error: The sandbox is not in sync with the Podfile.lock. Run 'pod install' or update your CocoaPods installation.\" >&2\n    exit 1\nfi\n# This output is used by Xcode 'outputs' to avoid re-running this script phase.\necho \"SUCCESS\" > \"${SCRIPT_OUTPUT_FILE_0}\"\n";
			showEnvVarsInLog = 0;
		};
/* End PBXShellScriptBuildPhase section */

/* Begin PBXSourcesBuildPhase section */
		C125E6DE26F20D8200512355 /* Sources */ = {
			isa = PBXSourcesBuildPhase;
			buildActionMask = 2147483647;
			files = (
				C125E6EA26F20D8200512355 /* ViewController.swift in Sources */,
				C125E6E626F20D8200512355 /* AppDelegate.swift in Sources */,
				C125E6E826F20D8200512355 /* SceneDelegate.swift in Sources */,
			);
			runOnlyForDeploymentPostprocessing = 0;
		};
/* End PBXSourcesBuildPhase section */

/* Begin PBXVariantGroup section */
		C125E6EB26F20D8200512355 /* Main.storyboard */ = {
			isa = PBXVariantGroup;
			children = (
				C125E6EC26F20D8200512355 /* Base */,
			);
			name = Main.storyboard;
			sourceTree = "<group>";
		};
		C125E6F026F20D8500512355 /* LaunchScreen.storyboard */ = {
			isa = PBXVariantGroup;
			children = (
				C125E6F126F20D8500512355 /* Base */,
			);
			name = LaunchScreen.storyboard;
			sourceTree = "<group>";
		};
/* End PBXVariantGroup section */

/* Begin XCBuildConfiguration section */
		C125E6F426F20D8500512355 /* Debug */ = {
			isa = XCBuildConfiguration;
			buildSettings = {
				ALWAYS_SEARCH_USER_PATHS = NO;
				CLANG_ANALYZER_NONNULL = YES;
				CLANG_ANALYZER_NUMBER_OBJECT_CONVERSION = YES_AGGRESSIVE;
				CLANG_CXX_LANGUAGE_STANDARD = "gnu++14";
				CLANG_CXX_LIBRARY = "libc++";
				CLANG_ENABLE_MODULES = YES;
				CLANG_ENABLE_OBJC_ARC = YES;
				CLANG_ENABLE_OBJC_WEAK = YES;
				CLANG_WARN_BLOCK_CAPTURE_AUTORELEASING = YES;
				CLANG_WARN_BOOL_CONVERSION = YES;
				CLANG_WARN_COMMA = YES;
				CLANG_WARN_CONSTANT_CONVERSION = YES;
				CLANG_WARN_DEPRECATED_OBJC_IMPLEMENTATIONS = YES;
				CLANG_WARN_DIRECT_OBJC_ISA_USAGE = YES_ERROR;
				CLANG_WARN_DOCUMENTATION_COMMENTS = YES;
				CLANG_WARN_EMPTY_BODY = YES;
				CLANG_WARN_ENUM_CONVERSION = YES;
				CLANG_WARN_INFINITE_RECURSION = YES;
				CLANG_WARN_INT_CONVERSION = YES;
				CLANG_WARN_NON_LITERAL_NULL_CONVERSION = YES;
				CLANG_WARN_OBJC_IMPLICIT_RETAIN_SELF = YES;
				CLANG_WARN_OBJC_LITERAL_CONVERSION = YES;
				CLANG_WARN_OBJC_ROOT_CLASS = YES_ERROR;
				CLANG_WARN_QUOTED_INCLUDE_IN_FRAMEWORK_HEADER = YES;
				CLANG_WARN_RANGE_LOOP_ANALYSIS = YES;
				CLANG_WARN_STRICT_PROTOTYPES = YES;
				CLANG_WARN_SUSPICIOUS_MOVE = YES;
				CLANG_WARN_UNGUARDED_AVAILABILITY = YES_AGGRESSIVE;
				CLANG_WARN_UNREACHABLE_CODE = YES;
				CLANG_WARN__DUPLICATE_METHOD_MATCH = YES;
				COPY_PHASE_STRIP = NO;
				DEBUG_INFORMATION_FORMAT = dwarf;
				ENABLE_STRICT_OBJC_MSGSEND = YES;
				ENABLE_TESTABILITY = YES;
				GCC_C_LANGUAGE_STANDARD = gnu11;
				GCC_DYNAMIC_NO_PIC = NO;
				GCC_NO_COMMON_BLOCKS = YES;
				GCC_OPTIMIZATION_LEVEL = 0;
				GCC_PREPROCESSOR_DEFINITIONS = (
					"DEBUG=1",
					"$(inherited)",
				);
				GCC_WARN_64_TO_32_BIT_CONVERSION = YES;
				GCC_WARN_ABOUT_RETURN_TYPE = YES_ERROR;
				GCC_WARN_UNDECLARED_SELECTOR = YES;
				GCC_WARN_UNINITIALIZED_AUTOS = YES_AGGRESSIVE;
				GCC_WARN_UNUSED_FUNCTION = YES;
				GCC_WARN_UNUSED_VARIABLE = YES;
				IPHONEOS_DEPLOYMENT_TARGET = 14.4;
				MTL_ENABLE_DEBUG_INFO = INCLUDE_SOURCE;
				MTL_FAST_MATH = YES;
				ONLY_ACTIVE_ARCH = YES;
				SDKROOT = iphoneos;
				SWIFT_ACTIVE_COMPILATION_CONDITIONS = DEBUG;
				SWIFT_OPTIMIZATION_LEVEL = "-Onone";
			};
			name = Debug;
		};
		C125E6F526F20D8500512355 /* Release */ = {
			isa = XCBuildConfiguration;
			buildSettings = {
				ALWAYS_SEARCH_USER_PATHS = NO;
				CLANG_ANALYZER_NONNULL = YES;
				CLANG_ANALYZER_NUMBER_OBJECT_CONVERSION = YES_AGGRESSIVE;
				CLANG_CXX_LANGUAGE_STANDARD = "gnu++14";
				CLANG_CXX_LIBRARY = "libc++";
				CLANG_ENABLE_MODULES = YES;
				CLANG_ENABLE_OBJC_ARC = YES;
				CLANG_ENABLE_OBJC_WEAK = YES;
				CLANG_WARN_BLOCK_CAPTURE_AUTORELEASING = YES;
				CLANG_WARN_BOOL_CONVERSION = YES;
				CLANG_WARN_COMMA = YES;
				CLANG_WARN_CONSTANT_CONVERSION = YES;
				CLANG_WARN_DEPRECATED_OBJC_IMPLEMENTATIONS = YES;
				CLANG_WARN_DIRECT_OBJC_ISA_USAGE = YES_ERROR;
				CLANG_WARN_DOCUMENTATION_COMMENTS = YES;
				CLANG_WARN_EMPTY_BODY = YES;
				CLANG_WARN_ENUM_CONVERSION = YES;
				CLANG_WARN_INFINITE_RECURSION = YES;
				CLANG_WARN_INT_CONVERSION = YES;
				CLANG_WARN_NON_LITERAL_NULL_CONVERSION = YES;
				CLANG_WARN_OBJC_IMPLICIT_RETAIN_SELF = YES;
				CLANG_WARN_OBJC_LITERAL_CONVERSION = YES;
				CLANG_WARN_OBJC_ROOT_CLASS = YES_ERROR;
				CLANG_WARN_QUOTED_INCLUDE_IN_FRAMEWORK_HEADER = YES;
				CLANG_WARN_RANGE_LOOP_ANALYSIS = YES;
				CLANG_WARN_STRICT_PROTOTYPES = YES;
				CLANG_WARN_SUSPICIOUS_MOVE = YES;
				CLANG_WARN_UNGUARDED_AVAILABILITY = YES_AGGRESSIVE;
				CLANG_WARN_UNREACHABLE_CODE = YES;
				CLANG_WARN__DUPLICATE_METHOD_MATCH = YES;
				COPY_PHASE_STRIP = NO;
				DEBUG_INFORMATION_FORMAT = "dwarf-with-dsym";
				ENABLE_NS_ASSERTIONS = NO;
				ENABLE_STRICT_OBJC_MSGSEND = YES;
				GCC_C_LANGUAGE_STANDARD = gnu11;
				GCC_NO_COMMON_BLOCKS = YES;
				GCC_WARN_64_TO_32_BIT_CONVERSION = YES;
				GCC_WARN_ABOUT_RETURN_TYPE = YES_ERROR;
				GCC_WARN_UNDECLARED_SELECTOR = YES;
				GCC_WARN_UNINITIALIZED_AUTOS = YES_AGGRESSIVE;
				GCC_WARN_UNUSED_FUNCTION = YES;
				GCC_WARN_UNUSED_VARIABLE = YES;
				IPHONEOS_DEPLOYMENT_TARGET = 14.4;
				MTL_ENABLE_DEBUG_INFO = NO;
				MTL_FAST_MATH = YES;
				SDKROOT = iphoneos;
				SWIFT_COMPILATION_MODE = wholemodule;
				SWIFT_OPTIMIZATION_LEVEL = "-O";
				VALIDATE_PRODUCT = YES;
			};
			name = Release;
		};
		C125E6F726F20D8500512355 /* Debug */ = {
			isa = XCBuildConfiguration;
			baseConfigurationReference = A9E26E613682026985F75E56 /* Pods-Call-Multiple-APIs.debug.xcconfig */;
			buildSettings = {
				ASSETCATALOG_COMPILER_APPICON_NAME = AppIcon;
				ASSETCATALOG_COMPILER_GLOBAL_ACCENT_COLOR_NAME = AccentColor;
				CODE_SIGN_STYLE = Automatic;
				DEVELOPMENT_TEAM = LR4QG85CZD;
				INFOPLIST_FILE = "Call-Multiple-APIs/Info.plist";
				LD_RUNPATH_SEARCH_PATHS = (
					"$(inherited)",
					"@executable_path/Frameworks",
				);
				PRODUCT_BUNDLE_IDENTIFIER = "mallikarjun.Call-Multiple-APIs";
				PRODUCT_NAME = "$(TARGET_NAME)";
				SWIFT_VERSION = 5.0;
				TARGETED_DEVICE_FAMILY = 1;
			};
			name = Debug;
		};
		C125E6F826F20D8500512355 /* Release */ = {
			isa = XCBuildConfiguration;
			baseConfigurationReference = BA33BCE299DDED69EAE5570D /* Pods-Call-Multiple-APIs.release.xcconfig */;
			buildSettings = {
				ASSETCATALOG_COMPILER_APPICON_NAME = AppIcon;
				ASSETCATALOG_COMPILER_GLOBAL_ACCENT_COLOR_NAME = AccentColor;
				CODE_SIGN_STYLE = Automatic;
				DEVELOPMENT_TEAM = LR4QG85CZD;
				INFOPLIST_FILE = "Call-Multiple-APIs/Info.plist";
				LD_RUNPATH_SEARCH_PATHS = (
					"$(inherited)",
					"@executable_path/Frameworks",
				);
				PRODUCT_BUNDLE_IDENTIFIER = "mallikarjun.Call-Multiple-APIs";
				PRODUCT_NAME = "$(TARGET_NAME)";
				SWIFT_VERSION = 5.0;
				TARGETED_DEVICE_FAMILY = 1;
			};
			name = Release;
		};
/* End XCBuildConfiguration section */

/* Begin XCConfigurationList section */
		C125E6DD26F20D8200512355 /* Build configuration list for PBXProject "Call-Multiple-APIs" */ = {
			isa = XCConfigurationList;
			buildConfigurations = (
				C125E6F426F20D8500512355 /* Debug */,
				C125E6F526F20D8500512355 /* Release */,
			);
			defaultConfigurationIsVisible = 0;
			defaultConfigurationName = Release;
		};
		C125E6F626F20D8500512355 /* Build configuration list for PBXNativeTarget "Call-Multiple-APIs" */ = {
			isa = XCConfigurationList;
			buildConfigurations = (
				C125E6F726F20D8500512355 /* Debug */,
				C125E6F826F20D8500512355 /* Release */,
			);
			defaultConfigurationIsVisible = 0;
			defaultConfigurationName = Release;
		};
/* End XCConfigurationList section */
	};
	rootObject = C125E6DA26F20D8200512355 /* Project object */;
}
